
Microsoft Visual Studio Solution File, Format Version 12.00
# Visual Studio Version 16
VisualStudioVersion = 16.0.34031.81
MinimumVisualStudioVersion = 10.0.40219.1
Project("{2150E333-8FDC-42A3-9474-1A3956D46DE8}") = "Task0(v19)", "Task0(v19)", "{3F33790E-C4D0-485B-AC3E-339321F553D8}"
EndProject
Project("{FAE04EC0-301F-11D3-BF4B-00C04F79EFBC}") = "Tyuiu.KubrikND.Sprint4.Task0.V19.Lib", "Tyuiu.KubrikND.Sprint4.Task0.V19.Lib\Tyuiu.KubrikND.Sprint4.Task0.V19.Lib.csproj", "{27F06CF5-512B-43F9-A7AF-75AEFA889E46}"
EndProject
Project("{FAE04EC0-301F-11D3-BF4B-00C04F79EFBC}") = "Tyuiu.KubrikND.Sprint4.Task0.V19", "Tyuiu.KubrikND.Sprint4.Task0.V19\Tyuiu.KubrikND.Sprint4.Task0.V19.csproj", "{BC2455FD-248E-452F-9580-0C8757B7CACA}"
EndProject
Project("{FAE04EC0-301F-11D3-BF4B-00C04F79EFBC}") = "Tyuiu.KubrikND.Sprint4.Task0.V19.Test", "Tyuiu.KubrikND.Sprint4.Task0.V19.Test\Tyuiu.KubrikND.Sprint4.Task0.V19.Test.csproj", "{42CFFF73-004C-4866-988C-667CB413CF0B}"
EndProject
Project("{2150E333-8FDC-42A3-9474-1A3956D46DE8}") = "Task1(v26)", "Task1(v26)", "{F32FA020-D450-4D2C-92C8-398FD2A5A211}"
EndProject
Project("{FAE04EC0-301F-11D3-BF4B-00C04F79EFBC}") = "Tyuiu.KubrikND.Sprint4.Task1.V26.Test", "Tyuiu.KubrikND.Sprint4.Task1.V26.Test\Tyuiu.KubrikND.Sprint4.Task1.V26.Test.csproj", "{4F1B8B8C-4BB1-4D0D-9D55-861491970576}"
EndProject
Project("{FAE04EC0-301F-11D3-BF4B-00C04F79EFBC}") = "Tyuiu.KubrikND.Sprint4.Task1.V26", "Tyuiu.KubrikND.Sprint4.Task1.V26\Tyuiu.KubrikND.Sprint4.Task1.V26.csproj", "{04A5BBB7-0868-4B4D-B7FC-AAAFCE3B7D3B}"
EndProject
Project("{FAE04EC0-301F-11D3-BF4B-00C04F79EFBC}") = "Tyuiu.KubrikND.Sprint4.Task1.V26.Lib", "Tyuiu.KubrikND.Sprint4.Task1.V26.Lib\Tyuiu.KubrikND.Sprint4.Task1.V26.Lib.csproj", "{1EADAD2B-1550-4634-BEE8-7BBE7618E95B}"
EndProject
Project("{2150E333-8FDC-42A3-9474-1A3956D46DE8}") = "Task2(v29)", "Task2(v29)", "{1D197146-412E-4B29-9D24-95CE4836B19D}"
EndProject
Project("{FAE04EC0-301F-11D3-BF4B-00C04F79EFBC}") = "Tyuiu.KubrikND.Sprint4.Task2.V29.Lib", "Tyuiu.KubrikND.Sprint4.Task2.V29.Lib\Tyuiu.KubrikND.Sprint4.Task2.V29.Lib.csproj", "{780C7C04-B67A-4EBA-85F4-5C051F32EFA6}"
EndProject
Project("{FAE04EC0-301F-11D3-BF4B-00C04F79EFBC}") = "Tyuiu.KubrikND.Sprint4.Task2.V29", "Tyuiu.KubrikND.Sprint4.Task2.V29\Tyuiu.KubrikND.Sprint4.Task2.V29.csproj", "{BD30F6C2-E081-400D-9C89-D0990A426A77}"
EndProject
Project("{FAE04EC0-301F-11D3-BF4B-00C04F79EFBC}") = "Tyuiu.KubrikND.Sprint4.Task2.V29.Test", "Tyuiu.KubrikND.Sprint4.Task2.V29.Test\Tyuiu.KubrikND.Sprint4.Task2.V29.Test.csproj", "{6E1814F9-7F3E-4148-B18B-EE0FDE1A89A3}"
EndProject
Project("{2150E333-8FDC-42A3-9474-1A3956D46DE8}") = "Task3(v6)", "Task3(v6)", "{D4887310-AAD9-490A-8992-6D133D4D75FE}"
EndProject
Project("{FAE04EC0-301F-11D3-BF4B-00C04F79EFBC}") = "Tyuiu.KubrikND.Sprint4.Task3.V6.Test", "Tyuiu.KubrikND.Sprint4.Task3.V6.Test\Tyuiu.KubrikND.Sprint4.Task3.V6.Test.csproj", "{E501B0CD-0D73-4E5C-A320-17C8BCAE5633}"
EndProject
Project("{FAE04EC0-301F-11D3-BF4B-00C04F79EFBC}") = "Tyuiu.KubrikND.Sprint4.Task3.V6", "Tyuiu.KubrikND.Sprint4.Task3.V6\Tyuiu.KubrikND.Sprint4.Task3.V6.csproj", "{C65CD559-14D5-4019-82B0-45B7F91BF4CE}"
EndProject
Project("{FAE04EC0-301F-11D3-BF4B-00C04F79EFBC}") = "Tyuiu.KubrikND.Sprint4.Task3.V6.Lib", "Tyuiu.KubrikND.Sprint4.Task3.V6.Lib\Tyuiu.KubrikND.Sprint4.Task3.V6.Lib.csproj", "{ECA36460-B4C7-437D-906A-56B1DD02416D}"
EndProject
Global
	GlobalSection(SolutionConfigurationPlatforms) = preSolution
		Debug|Any CPU = Debug|Any CPU
		Release|Any CPU = Release|Any CPU
	EndGlobalSection
	GlobalSection(ProjectConfigurationPlatforms) = postSolution
		{27F06CF5-512B-43F9-A7AF-75AEFA889E46}.Debug|Any CPU.ActiveCfg = Debug|Any CPU
		{27F06CF5-512B-43F9-A7AF-75AEFA889E46}.Debug|Any CPU.Build.0 = Debug|Any CPU
		{27F06CF5-512B-43F9-A7AF-75AEFA889E46}.Release|Any CPU.ActiveCfg = Release|Any CPU
		{27F06CF5-512B-43F9-A7AF-75AEFA889E46}.Release|Any CPU.Build.0 = Release|Any CPU
		{BC2455FD-248E-452F-9580-0C8757B7CACA}.Debug|Any CPU.ActiveCfg = Debug|Any CPU
		{BC2455FD-248E-452F-9580-0C8757B7CACA}.Debug|Any CPU.Build.0 = Debug|Any CPU
		{BC2455FD-248E-452F-9580-0C8757B7CACA}.Release|Any CPU.ActiveCfg = Release|Any CPU
		{BC2455FD-248E-452F-9580-0C8757B7CACA}.Release|Any CPU.Build.0 = Release|Any CPU
		{42CFFF73-004C-4866-988C-667CB413CF0B}.Debug|Any CPU.ActiveCfg = Debug|Any CPU
		{42CFFF73-004C-4866-988C-667CB413CF0B}.Debug|Any CPU.Build.0 = Debug|Any CPU
		{42CFFF73-004C-4866-988C-667CB413CF0B}.Release|Any CPU.ActiveCfg = Release|Any CPU
		{42CFFF73-004C-4866-988C-667CB413CF0B}.Release|Any CPU.Build.0 = Release|Any CPU
		{4F1B8B8C-4BB1-4D0D-9D55-861491970576}.Debug|Any CPU.ActiveCfg = Debug|Any CPU
		{4F1B8B8C-4BB1-4D0D-9D55-861491970576}.Debug|Any CPU.Build.0 = Debug|Any CPU
		{4F1B8B8C-4BB1-4D0D-9D55-861491970576}.Release|Any CPU.ActiveCfg = Release|Any CPU
		{4F1B8B8C-4BB1-4D0D-9D55-861491970576}.Release|Any CPU.Build.0 = Release|Any CPU
		{04A5BBB7-0868-4B4D-B7FC-AAAFCE3B7D3B}.Debug|Any CPU.ActiveCfg = Debug|Any CPU
		{04A5BBB7-0868-4B4D-B7FC-AAAFCE3B7D3B}.Debug|Any CPU.Build.0 = Debug|Any CPU
		{04A5BBB7-0868-4B4D-B7FC-AAAFCE3B7D3B}.Release|Any CPU.ActiveCfg = Release|Any CPU
		{04A5BBB7-0868-4B4D-B7FC-AAAFCE3B7D3B}.Release|Any CPU.Build.0 = Release|Any CPU
		{1EADAD2B-1550-4634-BEE8-7BBE7618E95B}.Debug|Any CPU.ActiveCfg = Debug|Any CPU
		{1EADAD2B-1550-4634-BEE8-7BBE7618E95B}.Debug|Any CPU.Build.0 = Debug|Any CPU
		{1EADAD2B-1550-4634-BEE8-7BBE7618E95B}.Release|Any CPU.ActiveCfg = Release|Any CPU
		{1EADAD2B-1550-4634-BEE8-7BBE7618E95B}.Release|Any CPU.Build.0 = Release|Any CPU
		{780C7C04-B67A-4EBA-85F4-5C051F32EFA6}.Debug|Any CPU.ActiveCfg = Debug|Any CPU
		{780C7C04-B67A-4EBA-85F4-5C051F32EFA6}.Debug|Any CPU.Build.0 = Debug|Any CPU
		{780C7C04-B67A-4EBA-85F4-5C051F32EFA6}.Release|Any CPU.ActiveCfg = Release|Any CPU
		{780C7C04-B67A-4EBA-85F4-5C051F32EFA6}.Release|Any CPU.Build.0 = Release|Any CPU
		{BD30F6C2-E081-400D-9C89-D0990A426A77}.Debug|Any CPU.ActiveCfg = Debug|Any CPU
		{BD30F6C2-E081-400D-9C89-D0990A426A77}.Debug|Any CPU.Build.0 = Debug|Any CPU
		{BD30F6C2-E081-400D-9C89-D0990A426A77}.Release|Any CPU.ActiveCfg = Release|Any CPU
		{BD30F6C2-E081-400D-9C89-D0990A426A77}.Release|Any CPU.Build.0 = Release|Any CPU
		{6E1814F9-7F3E-4148-B18B-EE0FDE1A89A3}.Debug|Any CPU.ActiveCfg = Debug|Any CPU
		{6E1814F9-7F3E-4148-B18B-EE0FDE1A89A3}.Debug|Any CPU.Build.0 = Debug|Any CPU
		{6E1814F9-7F3E-4148-B18B-EE0FDE1A89A3}.Release|Any CPU.ActiveCfg = Release|Any CPU
		{6E1814F9-7F3E-4148-B18B-EE0FDE1A89A3}.Release|Any CPU.Build.0 = Release|Any CPU
		{E501B0CD-0D73-4E5C-A320-17C8BCAE5633}.Debug|Any CPU.ActiveCfg = Debug|Any CPU
		{E501B0CD-0D73-4E5C-A320-17C8BCAE5633}.Debug|Any CPU.Build.0 = Debug|Any CPU
		{E501B0CD-0D73-4E5C-A320-17C8BCAE5633}.Release|Any CPU.ActiveCfg = Release|Any CPU
		{E501B0CD-0D73-4E5C-A320-17C8BCAE5633}.Release|Any CPU.Build.0 = Release|Any CPU
		{C65CD559-14D5-4019-82B0-45B7F91BF4CE}.Debug|Any CPU.ActiveCfg = Debug|Any CPU
		{C65CD559-14D5-4019-82B0-45B7F91BF4CE}.Debug|Any CPU.Build.0 = Debug|Any CPU
		{C65CD559-14D5-4019-82B0-45B7F91BF4CE}.Release|Any CPU.ActiveCfg = Release|Any CPU
		{C65CD559-14D5-4019-82B0-45B7F91BF4CE}.Release|Any CPU.Build.0 = Release|Any CPU
		{ECA36460-B4C7-437D-906A-56B1DD02416D}.Debug|Any CPU.ActiveCfg = Debug|Any CPU
		{ECA36460-B4C7-437D-906A-56B1DD02416D}.Debug|Any CPU.Build.0 = Debug|Any CPU
		{ECA36460-B4C7-437D-906A-56B1DD02416D}.Release|Any CPU.ActiveCfg = Release|Any CPU
		{ECA36460-B4C7-437D-906A-56B1DD02416D}.Release|Any CPU.Build.0 = Release|Any CPU
	EndGlobalSection
	GlobalSection(SolutionProperties) = preSolution
		HideSolutionNode = FALSE
	EndGlobalSection
	GlobalSection(NestedProjects) = preSolution
		{27F06CF5-512B-43F9-A7AF-75AEFA889E46} = {3F33790E-C4D0-485B-AC3E-339321F553D8}
		{BC2455FD-248E-452F-9580-0C8757B7CACA} = {3F33790E-C4D0-485B-AC3E-339321F553D8}
		{42CFFF73-004C-4866-988C-667CB413CF0B} = {3F33790E-C4D0-485B-AC3E-339321F553D8}
		{4F1B8B8C-4BB1-4D0D-9D55-861491970576} = {F32FA020-D450-4D2C-92C8-398FD2A5A211}
		{04A5BBB7-0868-4B4D-B7FC-AAAFCE3B7D3B} = {F32FA020-D450-4D2C-92C8-398FD2A5A211}
		{1EADAD2B-1550-4634-BEE8-7BBE7618E95B} = {F32FA020-D450-4D2C-92C8-398FD2A5A211}
		{780C7C04-B67A-4EBA-85F4-5C051F32EFA6} = {1D197146-412E-4B29-9D24-95CE4836B19D}
		{BD30F6C2-E081-400D-9C89-D0990A426A77} = {1D197146-412E-4B29-9D24-95CE4836B19D}
		{6E1814F9-7F3E-4148-B18B-EE0FDE1A89A3} = {1D197146-412E-4B29-9D24-95CE4836B19D}
		{E501B0CD-0D73-4E5C-A320-17C8BCAE5633} = {D4887310-AAD9-490A-8992-6D133D4D75FE}
		{C65CD559-14D5-4019-82B0-45B7F91BF4CE} = {D4887310-AAD9-490A-8992-6D133D4D75FE}
		{ECA36460-B4C7-437D-906A-56B1DD02416D} = {D4887310-AAD9-490A-8992-6D133D4D75FE}
	EndGlobalSection
	GlobalSection(ExtensibilityGlobals) = postSolution
		SolutionGuid = {8F726AA2-8530-4A96-8CF5-4E03BD651FDB}
	EndGlobalSection
EndGlobal
