
Microsoft Visual Studio Solution File, Format Version 12.00
# Visual Studio Version 16
VisualStudioVersion = 16.0.34031.81
MinimumVisualStudioVersion = 10.0.40219.1
Project("{2150E333-8FDC-42A3-9474-1A3956D46DE8}") = "Task0(v19)", "Task0(v19)", "{3F33790E-C4D0-485B-AC3E-339321F553D8}"
EndProject
Project("{FAE04EC0-301F-11D3-BF4B-00C04F79EFBC}") = "Tyuiu.KubrikND.Sprint4.Task0.V19.Lib", "Tyuiu.KubrikND.Sprint4.Task0.V19.Lib\Tyuiu.KubrikND.Sprint4.Task0.V19.Lib.csproj", "{27F06CF5-512B-43F9-A7AF-75AEFA889E46}"
EndProject
Project("{FAE04EC0-301F-11D3-BF4B-00C04F79EFBC}") = "Tyuiu.KubrikND.Sprint4.Task0.V19", "Tyuiu.KubrikND.Sprint4.Task0.V19\Tyuiu.KubrikND.Sprint4.Task0.V19.csproj", "{BC2455FD-248E-452F-9580-0C8757B7CACA}"
EndProject
Project("{FAE04EC0-301F-11D3-BF4B-00C04F79EFBC}") = "Tyuiu.KubrikND.Sprint4.Task0.V19.Test", "Tyuiu.KubrikND.Sprint4.Task0.V19.Test\Tyuiu.KubrikND.Sprint4.Task0.V19.Test.csproj", "{42CFFF73-004C-4866-988C-667CB413CF0B}"
EndProject
Project("{2150E333-8FDC-42A3-9474-1A3956D46DE8}") = "Task1(v26)", "Task1(v26)", "{F32FA020-D450-4D2C-92C8-398FD2A5A211}"
EndProject
Project("{FAE04EC0-301F-11D3-BF4B-00C04F79EFBC}") = "Tyuiu.KubrikND.Sprint4.Task1.V26.Test", "Tyuiu.KubrikND.Sprint4.Task1.V26.Test\Tyuiu.KubrikND.Sprint4.Task1.V26.Test.csproj", "{4F1B8B8C-4BB1-4D0D-9D55-861491970576}"
EndProject
Project("{FAE04EC0-301F-11D3-BF4B-00C04F79EFBC}") = "Tyuiu.KubrikND.Sprint4.Task1.V26", "Tyuiu.KubrikND.Sprint4.Task1.V26\Tyuiu.KubrikND.Sprint4.Task1.V26.csproj", "{04A5BBB7-0868-4B4D-B7FC-AAAFCE3B7D3B}"
EndProject
Project("{FAE04EC0-301F-11D3-BF4B-00C04F79EFBC}") = "Tyuiu.KubrikND.Sprint4.Task1.V26.Lib", "Tyuiu.KubrikND.Sprint4.Task1.V26.Lib\Tyuiu.KubrikND.Sprint4.Task1.V26.Lib.csproj", "{1EADAD2B-1550-4634-BEE8-7BBE7618E95B}"
EndProject
Project("{2150E333-8FDC-42A3-9474-1A3956D46DE8}") = "Task2(v29)", "Task2(v29)", "{1D197146-412E-4B29-9D24-95CE4836B19D}"
EndProject
Project("{FAE04EC0-301F-11D3-BF4B-00C04F79EFBC}") = "Tyuiu.KubrikND.Sprint4.Task2.V29.Lib", "Tyuiu.KubrikND.Sprint4.Task2.V29.Lib\Tyuiu.KubrikND.Sprint4.Task2.V29.Lib.csproj", "{780C7C04-B67A-4EBA-85F4-5C051F32EFA6}"
EndProject
Project("{FAE04EC0-301F-11D3-BF4B-00C04F79EFBC}") = "Tyuiu.KubrikND.Sprint4.Task2.V29", "Tyuiu.KubrikND.Sprint4.Task2.V29\Tyuiu.KubrikND.Sprint4.Task2.V29.csproj", "{BD30F6C2-E081-400D-9C89-D0990A426A77}"
EndProject
Project("{FAE04EC0-301F-11D3-BF4B-00C04F79EFBC}") = "Tyuiu.KubrikND.Sprint4.Task2.V29.Test", "Tyuiu.KubrikND.Sprint4.Task2.V29.Test\Tyuiu.KubrikND.Sprint4.Task2.V29.Test.csproj", "{6E1814F9-7F3E-4148-B18B-EE0FDE1A89A3}"
EndProject
Project("{2150E333-8FDC-42A3-9474-1A3956D46DE8}") = "Task3(v6)", "Task3(v6)", "{D4887310-AAD9-490A-8992-6D133D4D75FE}"
EndProject
Project("{FAE04EC0-301F-11D3-BF4B-00C04F79EFBC}") = "Tyuiu.KubrikND.Sprint4.Task3.V6.Test", "Tyuiu.KubrikND.Sprint4.Task3.V6.Test\Tyuiu.KubrikND.Sprint4.Task3.V6.Test.csproj", "{E501B0CD-0D73-4E5C-A320-17C8BCAE5633}"
EndProject
Project("{FAE04EC0-301F-11D3-BF4B-00C04F79EFBC}") = "Tyuiu.KubrikND.Sprint4.Task3.V6", "Tyuiu.KubrikND.Sprint4.Task3.V6\Tyuiu.KubrikND.Sprint4.Task3.V6.csproj", "{C65CD559-14D5-4019-82B0-45B7F91BF4CE}"
EndProject
Project("{FAE04EC0-301F-11D3-BF4B-00C04F79EFBC}") = "Tyuiu.KubrikND.Sprint4.Task3.V6.Lib", "Tyuiu.KubrikND.Sprint4.Task3.V6.Lib\Tyuiu.KubrikND.Sprint4.Task3.V6.Lib.csproj", "{ECA36460-B4C7-437D-906A-56B1DD02416D}"
EndProject
Project("{2150E333-8FDC-42A3-9474-1A3956D46DE8}") = "Task4(v4)", "Task4(v4)", "{F05BE668-C3DC-44AE-B4FE-9D51376FF406}"
EndProject
Project("{FAE04EC0-301F-11D3-BF4B-00C04F79EFBC}") = "Tyuiu.KubrikND.Sprint4.Task4.V4", "Tyuiu.KubrikND.Sprint4.Task4.V4\Tyuiu.KubrikND.Sprint4.Task4.V4.csproj", "{85CBD5D0-87BA-4487-9EEF-3D5876969DAD}"
EndProject
Project("{FAE04EC0-301F-11D3-BF4B-00C04F79EFBC}") = "Tyuiu.KubrikND.Sprint4.Task4.V4.Test", "Tyuiu.KubrikND.Sprint4.Task4.V4.Test\Tyuiu.KubrikND.Sprint4.Task4.V4.Test.csproj", "{4E9703BC-00E7-43A8-B0EF-FB403FFE2B9E}"
EndProject
Project("{FAE04EC0-301F-11D3-BF4B-00C04F79EFBC}") = "Tyuiu.KubrikND.Sprint4.Task4.V4.Lib", "Tyuiu.KubrikND.Sprint4.Task4.V4.Lib\Tyuiu.KubrikND.Sprint4.Task4.V4.Lib.csproj", "{76716CB4-B3C3-4B9D-B5A3-32B383DA9458}"
EndProject
Project("{2150E333-8FDC-42A3-9474-1A3956D46DE8}") = "Task5(v14)", "Task5(v14)", "{EC650F34-A3C6-4B50-95BE-20492B5DFBFC}"
EndProject
Project("{FAE04EC0-301F-11D3-BF4B-00C04F79EFBC}") = "Tyuiu.KubrikND.Sprint4.Task5.V14", "Tyuiu.KubrikND.Sprint4.Task5.V14\Tyuiu.KubrikND.Sprint4.Task5.V14.csproj", "{17D3F1AE-0501-406D-B838-F0CC10744532}"
EndProject
Project("{FAE04EC0-301F-11D3-BF4B-00C04F79EFBC}") = "Tyuiu.KubrikND.Sprint4.Task5.V14.Lib", "Tyuiu.KubrikND.Sprint4.Task5.V14.Lib\Tyuiu.KubrikND.Sprint4.Task5.V14.Lib.csproj", "{C214D63C-6058-430D-8FCC-224C72114EE0}"
EndProject
Project("{FAE04EC0-301F-11D3-BF4B-00C04F79EFBC}") = "Tyuiu.KubrikND.Sprint4.Task5.V14.Test", "Tyuiu.KubrikND.Sprint4.Task5.V14.Test\Tyuiu.KubrikND.Sprint4.Task5.V14.Test.csproj", "{7982516D-4C47-4324-AEBB-E4A2FE8345C0}"
EndProject
Project("{2150E333-8FDC-42A3-9474-1A3956D46DE8}") = "Task6(v14)", "Task6(v14)", "{CBE15FCD-28C8-4896-B111-7FCACC72E6B3}"
EndProject
Project("{FAE04EC0-301F-11D3-BF4B-00C04F79EFBC}") = "Tyuiu.KubrikND.Sprint4.Task6.V14", "Tyuiu.KubrikND.Sprint4.Task6.V14\Tyuiu.KubrikND.Sprint4.Task6.V14.csproj", "{198AF7ED-559D-4130-86B0-1AED0D3F63A0}"
EndProject
Project("{FAE04EC0-301F-11D3-BF4B-00C04F79EFBC}") = "Tyuiu.KubrikND.Sprint4.Task6.V14.Test", "Tyuiu.KubrikND.Sprint4.Task6.V14.Test\Tyuiu.KubrikND.Sprint4.Task6.V14.Test.csproj", "{ED47F42E-FBC6-4C6C-8DA4-578C20181B7F}"
EndProject
Project("{FAE04EC0-301F-11D3-BF4B-00C04F79EFBC}") = "Tyuiu.KubrikND.Sprint4.Task6.V14.Lib", "Tyuiu.KubrikND.Sprint4.Task6.V14.Lib\Tyuiu.KubrikND.Sprint4.Task6.V14.Lib.csproj", "{C3B9BA4C-E503-46E9-8961-B56B6935DA4A}"
EndProject
Project("{2150E333-8FDC-42A3-9474-1A3956D46DE8}") = "Task7(v3)", "Task7(v3)", "{141EC147-67C3-4815-8242-31C46796DD54}"
EndProject
Project("{FAE04EC0-301F-11D3-BF4B-00C04F79EFBC}") = "Tyuiu.KubrikND.Sprint4.Task7.V3", "Tyuiu.KubrikND.Sprint4.Task7.V3\Tyuiu.KubrikND.Sprint4.Task7.V3.csproj", "{26C41518-C56F-48A8-88D0-92DE660042F7}"
EndProject
Project("{FAE04EC0-301F-11D3-BF4B-00C04F79EFBC}") = "Tyuiu.KubrikND.Sprint4.Task7.V3.Lib", "Tyuiu.KubrikND.Sprint4.Task7.V3.Lib\Tyuiu.KubrikND.Sprint4.Task7.V3.Lib.csproj", "{CBB90E00-3EA3-4D14-BD20-13FBFE9F2E32}"
EndProject
Project("{FAE04EC0-301F-11D3-BF4B-00C04F79EFBC}") = "Tyuiu.KubrikND.Sprint4.Task7.V3.Test", "Tyuiu.KubrikND.Sprint4.Task7.V3.Test\Tyuiu.KubrikND.Sprint4.Task7.V3.Test.csproj", "{84A322AA-4680-4A6F-B43C-E23B887D0ADC}"
EndProject
Global
	GlobalSection(SolutionConfigurationPlatforms) = preSolution
		Debug|Any CPU = Debug|Any CPU
		Release|Any CPU = Release|Any CPU
	EndGlobalSection
	GlobalSection(ProjectConfigurationPlatforms) = postSolution
		{27F06CF5-512B-43F9-A7AF-75AEFA889E46}.Debug|Any CPU.ActiveCfg = Debug|Any CPU
		{27F06CF5-512B-43F9-A7AF-75AEFA889E46}.Debug|Any CPU.Build.0 = Debug|Any CPU
		{27F06CF5-512B-43F9-A7AF-75AEFA889E46}.Release|Any CPU.ActiveCfg = Release|Any CPU
		{27F06CF5-512B-43F9-A7AF-75AEFA889E46}.Release|Any CPU.Build.0 = Release|Any CPU
		{BC2455FD-248E-452F-9580-0C8757B7CACA}.Debug|Any CPU.ActiveCfg = Debug|Any CPU
		{BC2455FD-248E-452F-9580-0C8757B7CACA}.Debug|Any CPU.Build.0 = Debug|Any CPU
		{BC2455FD-248E-452F-9580-0C8757B7CACA}.Release|Any CPU.ActiveCfg = Release|Any CPU
		{BC2455FD-248E-452F-9580-0C8757B7CACA}.Release|Any CPU.Build.0 = Release|Any CPU
		{42CFFF73-004C-4866-988C-667CB413CF0B}.Debug|Any CPU.ActiveCfg = Debug|Any CPU
		{42CFFF73-004C-4866-988C-667CB413CF0B}.Debug|Any CPU.Build.0 = Debug|Any CPU
		{42CFFF73-004C-4866-988C-667CB413CF0B}.Release|Any CPU.ActiveCfg = Release|Any CPU
		{42CFFF73-004C-4866-988C-667CB413CF0B}.Release|Any CPU.Build.0 = Release|Any CPU
		{4F1B8B8C-4BB1-4D0D-9D55-861491970576}.Debug|Any CPU.ActiveCfg = Debug|Any CPU
		{4F1B8B8C-4BB1-4D0D-9D55-861491970576}.Debug|Any CPU.Build.0 = Debug|Any CPU
		{4F1B8B8C-4BB1-4D0D-9D55-861491970576}.Release|Any CPU.ActiveCfg = Release|Any CPU
		{4F1B8B8C-4BB1-4D0D-9D55-861491970576}.Release|Any CPU.Build.0 = Release|Any CPU
		{04A5BBB7-0868-4B4D-B7FC-AAAFCE3B7D3B}.Debug|Any CPU.ActiveCfg = Debug|Any CPU
		{04A5BBB7-0868-4B4D-B7FC-AAAFCE3B7D3B}.Debug|Any CPU.Build.0 = Debug|Any CPU
		{04A5BBB7-0868-4B4D-B7FC-AAAFCE3B7D3B}.Release|Any CPU.ActiveCfg = Release|Any CPU
		{04A5BBB7-0868-4B4D-B7FC-AAAFCE3B7D3B}.Release|Any CPU.Build.0 = Release|Any CPU
		{1EADAD2B-1550-4634-BEE8-7BBE7618E95B}.Debug|Any CPU.ActiveCfg = Debug|Any CPU
		{1EADAD2B-1550-4634-BEE8-7BBE7618E95B}.Debug|Any CPU.Build.0 = Debug|Any CPU
		{1EADAD2B-1550-4634-BEE8-7BBE7618E95B}.Release|Any CPU.ActiveCfg = Release|Any CPU
		{1EADAD2B-1550-4634-BEE8-7BBE7618E95B}.Release|Any CPU.Build.0 = Release|Any CPU
		{780C7C04-B67A-4EBA-85F4-5C051F32EFA6}.Debug|Any CPU.ActiveCfg = Debug|Any CPU
		{780C7C04-B67A-4EBA-85F4-5C051F32EFA6}.Debug|Any CPU.Build.0 = Debug|Any CPU
		{780C7C04-B67A-4EBA-85F4-5C051F32EFA6}.Release|Any CPU.ActiveCfg = Release|Any CPU
		{780C7C04-B67A-4EBA-85F4-5C051F32EFA6}.Release|Any CPU.Build.0 = Release|Any CPU
		{BD30F6C2-E081-400D-9C89-D0990A426A77}.Debug|Any CPU.ActiveCfg = Debug|Any CPU
		{BD30F6C2-E081-400D-9C89-D0990A426A77}.Debug|Any CPU.Build.0 = Debug|Any CPU
		{BD30F6C2-E081-400D-9C89-D0990A426A77}.Release|Any CPU.ActiveCfg = Release|Any CPU
		{BD30F6C2-E081-400D-9C89-D0990A426A77}.Release|Any CPU.Build.0 = Release|Any CPU
		{6E1814F9-7F3E-4148-B18B-EE0FDE1A89A3}.Debug|Any CPU.ActiveCfg = Debug|Any CPU
		{6E1814F9-7F3E-4148-B18B-EE0FDE1A89A3}.Debug|Any CPU.Build.0 = Debug|Any CPU
		{6E1814F9-7F3E-4148-B18B-EE0FDE1A89A3}.Release|Any CPU.ActiveCfg = Release|Any CPU
		{6E1814F9-7F3E-4148-B18B-EE0FDE1A89A3}.Release|Any CPU.Build.0 = Release|Any CPU
		{E501B0CD-0D73-4E5C-A320-17C8BCAE5633}.Debug|Any CPU.ActiveCfg = Debug|Any CPU
		{E501B0CD-0D73-4E5C-A320-17C8BCAE5633}.Debug|Any CPU.Build.0 = Debug|Any CPU
		{E501B0CD-0D73-4E5C-A320-17C8BCAE5633}.Release|Any CPU.ActiveCfg = Release|Any CPU
		{E501B0CD-0D73-4E5C-A320-17C8BCAE5633}.Release|Any CPU.Build.0 = Release|Any CPU
		{C65CD559-14D5-4019-82B0-45B7F91BF4CE}.Debug|Any CPU.ActiveCfg = Debug|Any CPU
		{C65CD559-14D5-4019-82B0-45B7F91BF4CE}.Debug|Any CPU.Build.0 = Debug|Any CPU
		{C65CD559-14D5-4019-82B0-45B7F91BF4CE}.Release|Any CPU.ActiveCfg = Release|Any CPU
		{C65CD559-14D5-4019-82B0-45B7F91BF4CE}.Release|Any CPU.Build.0 = Release|Any CPU
		{ECA36460-B4C7-437D-906A-56B1DD02416D}.Debug|Any CPU.ActiveCfg = Debug|Any CPU
		{ECA36460-B4C7-437D-906A-56B1DD02416D}.Debug|Any CPU.Build.0 = Debug|Any CPU
		{ECA36460-B4C7-437D-906A-56B1DD02416D}.Release|Any CPU.ActiveCfg = Release|Any CPU
		{ECA36460-B4C7-437D-906A-56B1DD02416D}.Release|Any CPU.Build.0 = Release|Any CPU
		{85CBD5D0-87BA-4487-9EEF-3D5876969DAD}.Debug|Any CPU.ActiveCfg = Debug|Any CPU
		{85CBD5D0-87BA-4487-9EEF-3D5876969DAD}.Debug|Any CPU.Build.0 = Debug|Any CPU
		{85CBD5D0-87BA-4487-9EEF-3D5876969DAD}.Release|Any CPU.ActiveCfg = Release|Any CPU
		{85CBD5D0-87BA-4487-9EEF-3D5876969DAD}.Release|Any CPU.Build.0 = Release|Any CPU
		{4E9703BC-00E7-43A8-B0EF-FB403FFE2B9E}.Debug|Any CPU.ActiveCfg = Debug|Any CPU
		{4E9703BC-00E7-43A8-B0EF-FB403FFE2B9E}.Debug|Any CPU.Build.0 = Debug|Any CPU
		{4E9703BC-00E7-43A8-B0EF-FB403FFE2B9E}.Release|Any CPU.ActiveCfg = Release|Any CPU
		{4E9703BC-00E7-43A8-B0EF-FB403FFE2B9E}.Release|Any CPU.Build.0 = Release|Any CPU
		{76716CB4-B3C3-4B9D-B5A3-32B383DA9458}.Debug|Any CPU.ActiveCfg = Debug|Any CPU
		{76716CB4-B3C3-4B9D-B5A3-32B383DA9458}.Debug|Any CPU.Build.0 = Debug|Any CPU
		{76716CB4-B3C3-4B9D-B5A3-32B383DA9458}.Release|Any CPU.ActiveCfg = Release|Any CPU
		{76716CB4-B3C3-4B9D-B5A3-32B383DA9458}.Release|Any CPU.Build.0 = Release|Any CPU
		{17D3F1AE-0501-406D-B838-F0CC10744532}.Debug|Any CPU.ActiveCfg = Debug|Any CPU
		{17D3F1AE-0501-406D-B838-F0CC10744532}.Debug|Any CPU.Build.0 = Debug|Any CPU
		{17D3F1AE-0501-406D-B838-F0CC10744532}.Release|Any CPU.ActiveCfg = Release|Any CPU
		{17D3F1AE-0501-406D-B838-F0CC10744532}.Release|Any CPU.Build.0 = Release|Any CPU
		{C214D63C-6058-430D-8FCC-224C72114EE0}.Debug|Any CPU.ActiveCfg = Debug|Any CPU
		{C214D63C-6058-430D-8FCC-224C72114EE0}.Debug|Any CPU.Build.0 = Debug|Any CPU
		{C214D63C-6058-430D-8FCC-224C72114EE0}.Release|Any CPU.ActiveCfg = Release|Any CPU
		{C214D63C-6058-430D-8FCC-224C72114EE0}.Release|Any CPU.Build.0 = Release|Any CPU
		{7982516D-4C47-4324-AEBB-E4A2FE8345C0}.Debug|Any CPU.ActiveCfg = Debug|Any CPU
		{7982516D-4C47-4324-AEBB-E4A2FE8345C0}.Debug|Any CPU.Build.0 = Debug|Any CPU
		{7982516D-4C47-4324-AEBB-E4A2FE8345C0}.Release|Any CPU.ActiveCfg = Release|Any CPU
		{7982516D-4C47-4324-AEBB-E4A2FE8345C0}.Release|Any CPU.Build.0 = Release|Any CPU
		{198AF7ED-559D-4130-86B0-1AED0D3F63A0}.Debug|Any CPU.ActiveCfg = Debug|Any CPU
		{198AF7ED-559D-4130-86B0-1AED0D3F63A0}.Debug|Any CPU.Build.0 = Debug|Any CPU
		{198AF7ED-559D-4130-86B0-1AED0D3F63A0}.Release|Any CPU.ActiveCfg = Release|Any CPU
		{198AF7ED-559D-4130-86B0-1AED0D3F63A0}.Release|Any CPU.Build.0 = Release|Any CPU
		{ED47F42E-FBC6-4C6C-8DA4-578C20181B7F}.Debug|Any CPU.ActiveCfg = Debug|Any CPU
		{ED47F42E-FBC6-4C6C-8DA4-578C20181B7F}.Debug|Any CPU.Build.0 = Debug|Any CPU
		{ED47F42E-FBC6-4C6C-8DA4-578C20181B7F}.Release|Any CPU.ActiveCfg = Release|Any CPU
		{ED47F42E-FBC6-4C6C-8DA4-578C20181B7F}.Release|Any CPU.Build.0 = Release|Any CPU
		{C3B9BA4C-E503-46E9-8961-B56B6935DA4A}.Debug|Any CPU.ActiveCfg = Debug|Any CPU
		{C3B9BA4C-E503-46E9-8961-B56B6935DA4A}.Debug|Any CPU.Build.0 = Debug|Any CPU
		{C3B9BA4C-E503-46E9-8961-B56B6935DA4A}.Release|Any CPU.ActiveCfg = Release|Any CPU
		{C3B9BA4C-E503-46E9-8961-B56B6935DA4A}.Release|Any CPU.Build.0 = Release|Any CPU
		{26C41518-C56F-48A8-88D0-92DE660042F7}.Debug|Any CPU.ActiveCfg = Debug|Any CPU
		{26C41518-C56F-48A8-88D0-92DE660042F7}.Debug|Any CPU.Build.0 = Debug|Any CPU
		{26C41518-C56F-48A8-88D0-92DE660042F7}.Release|Any CPU.ActiveCfg = Release|Any CPU
		{26C41518-C56F-48A8-88D0-92DE660042F7}.Release|Any CPU.Build.0 = Release|Any CPU
		{CBB90E00-3EA3-4D14-BD20-13FBFE9F2E32}.Debug|Any CPU.ActiveCfg = Debug|Any CPU
		{CBB90E00-3EA3-4D14-BD20-13FBFE9F2E32}.Debug|Any CPU.Build.0 = Debug|Any CPU
		{CBB90E00-3EA3-4D14-BD20-13FBFE9F2E32}.Release|Any CPU.ActiveCfg = Release|Any CPU
		{CBB90E00-3EA3-4D14-BD20-13FBFE9F2E32}.Release|Any CPU.Build.0 = Release|Any CPU
		{84A322AA-4680-4A6F-B43C-E23B887D0ADC}.Debug|Any CPU.ActiveCfg = Debug|Any CPU
		{84A322AA-4680-4A6F-B43C-E23B887D0ADC}.Debug|Any CPU.Build.0 = Debug|Any CPU
		{84A322AA-4680-4A6F-B43C-E23B887D0ADC}.Release|Any CPU.ActiveCfg = Release|Any CPU
		{84A322AA-4680-4A6F-B43C-E23B887D0ADC}.Release|Any CPU.Build.0 = Release|Any CPU
	EndGlobalSection
	GlobalSection(SolutionProperties) = preSolution
		HideSolutionNode = FALSE
	EndGlobalSection
	GlobalSection(NestedProjects) = preSolution
		{27F06CF5-512B-43F9-A7AF-75AEFA889E46} = {3F33790E-C4D0-485B-AC3E-339321F553D8}
		{BC2455FD-248E-452F-9580-0C8757B7CACA} = {3F33790E-C4D0-485B-AC3E-339321F553D8}
		{42CFFF73-004C-4866-988C-667CB413CF0B} = {3F33790E-C4D0-485B-AC3E-339321F553D8}
		{4F1B8B8C-4BB1-4D0D-9D55-861491970576} = {F32FA020-D450-4D2C-92C8-398FD2A5A211}
		{04A5BBB7-0868-4B4D-B7FC-AAAFCE3B7D3B} = {F32FA020-D450-4D2C-92C8-398FD2A5A211}
		{1EADAD2B-1550-4634-BEE8-7BBE7618E95B} = {F32FA020-D450-4D2C-92C8-398FD2A5A211}
		{780C7C04-B67A-4EBA-85F4-5C051F32EFA6} = {1D197146-412E-4B29-9D24-95CE4836B19D}
		{BD30F6C2-E081-400D-9C89-D0990A426A77} = {1D197146-412E-4B29-9D24-95CE4836B19D}
		{6E1814F9-7F3E-4148-B18B-EE0FDE1A89A3} = {1D197146-412E-4B29-9D24-95CE4836B19D}
		{E501B0CD-0D73-4E5C-A320-17C8BCAE5633} = {D4887310-AAD9-490A-8992-6D133D4D75FE}
		{C65CD559-14D5-4019-82B0-45B7F91BF4CE} = {D4887310-AAD9-490A-8992-6D133D4D75FE}
		{ECA36460-B4C7-437D-906A-56B1DD02416D} = {D4887310-AAD9-490A-8992-6D133D4D75FE}
		{85CBD5D0-87BA-4487-9EEF-3D5876969DAD} = {F05BE668-C3DC-44AE-B4FE-9D51376FF406}
		{4E9703BC-00E7-43A8-B0EF-FB403FFE2B9E} = {F05BE668-C3DC-44AE-B4FE-9D51376FF406}
		{76716CB4-B3C3-4B9D-B5A3-32B383DA9458} = {F05BE668-C3DC-44AE-B4FE-9D51376FF406}
		{17D3F1AE-0501-406D-B838-F0CC10744532} = {EC650F34-A3C6-4B50-95BE-20492B5DFBFC}
		{C214D63C-6058-430D-8FCC-224C72114EE0} = {EC650F34-A3C6-4B50-95BE-20492B5DFBFC}
		{7982516D-4C47-4324-AEBB-E4A2FE8345C0} = {EC650F34-A3C6-4B50-95BE-20492B5DFBFC}
		{198AF7ED-559D-4130-86B0-1AED0D3F63A0} = {CBE15FCD-28C8-4896-B111-7FCACC72E6B3}
		{ED47F42E-FBC6-4C6C-8DA4-578C20181B7F} = {CBE15FCD-28C8-4896-B111-7FCACC72E6B3}
		{C3B9BA4C-E503-46E9-8961-B56B6935DA4A} = {CBE15FCD-28C8-4896-B111-7FCACC72E6B3}
		{26C41518-C56F-48A8-88D0-92DE660042F7} = {141EC147-67C3-4815-8242-31C46796DD54}
		{CBB90E00-3EA3-4D14-BD20-13FBFE9F2E32} = {141EC147-67C3-4815-8242-31C46796DD54}
		{84A322AA-4680-4A6F-B43C-E23B887D0ADC} = {141EC147-67C3-4815-8242-31C46796DD54}
	EndGlobalSection
	GlobalSection(ExtensibilityGlobals) = postSolution
		SolutionGuid = {8F726AA2-8530-4A96-8CF5-4E03BD651FDB}
	EndGlobalSection
EndGlobal
